
Microsoft Visual Studio Solution File, Format Version 12.00
# Visual Studio Version 16
VisualStudioVersion = 16.0.30717.126
MinimumVisualStudioVersion = 10.0.40219.1
Project("{FAE04EC0-301F-11D3-BF4B-00C04F79EFBC}") = "SF.Module21.Task2", "SF.Module21.Task2.csproj", "{91DD16DD-E55C-4A80-B949-DFECEDD75287}"
EndProject
Global
	GlobalSection(SolutionConfigurationPlatforms) = preSolution
		Debug|Any CPU = Debug|Any CPU
		Release|Any CPU = Release|Any CPU
	EndGlobalSection
	GlobalSection(ProjectConfigurationPlatforms) = postSolution
		{91DD16DD-E55C-4A80-B949-DFECEDD75287}.Debug|Any CPU.ActiveCfg = Debug|Any CPU
		{91DD16DD-E55C-4A80-B949-DFECEDD75287}.Debug|Any CPU.Build.0 = Debug|Any CPU
		{91DD16DD-E55C-4A80-B949-DFECEDD75287}.Release|Any CPU.ActiveCfg = Release|Any CPU
		{91DD16DD-E55C-4A80-B949-DFECEDD75287}.Release|Any CPU.Build.0 = Release|Any CPU
	EndGlobalSection
	GlobalSection(SolutionProperties) = preSolution
		HideSolutionNode = FALSE
	EndGlobalSection
	GlobalSection(ExtensibilityGlobals) = postSolution
		SolutionGuid = {B43AFB0C-99A1-4E2C-9F1C-A2D58ADD0E99}
	EndGlobalSection
EndGlobal
